
Microsoft Visual Studio Solution File, Format Version 12.00
# Visual Studio Version 17
VisualStudioVersion = 17.14.36414.22 d17.14
MinimumVisualStudioVersion = 10.0.40219.1
Project("{FAE04EC0-301F-11D3-BF4B-00C04F79EFBC}") = "StilSepetiApp", "StilSepetiApp.csproj", "{A63E350C-A593-4ACA-8127-24EA51AC6794}"
EndProject
Global
	GlobalSection(SolutionConfigurationPlatforms) = preSolution
		Debug|Any CPU = Debug|Any CPU
		Release|Any CPU = Release|Any CPU
	EndGlobalSection
	GlobalSection(ProjectConfigurationPlatforms) = postSolution
		{A63E350C-A593-4ACA-8127-24EA51AC6794}.Debug|Any CPU.ActiveCfg = Debug|Any CPU
		{A63E350C-A593-4ACA-8127-24EA51AC6794}.Debug|Any CPU.Build.0 = Debug|Any CPU
		{A63E350C-A593-4ACA-8127-24EA51AC6794}.Release|Any CPU.ActiveCfg = Release|Any CPU
		{A63E350C-A593-4ACA-8127-24EA51AC6794}.Release|Any CPU.Build.0 = Release|Any CPU
	EndGlobalSection
	GlobalSection(SolutionProperties) = preSolution
		HideSolutionNode = FALSE
	EndGlobalSection
	GlobalSection(ExtensibilityGlobals) = postSolution
		SolutionGuid = {73A72EEA-6DF4-4E5F-9268-2D493C3245BE}
	EndGlobalSection
EndGlobal
